{
    "version": 3,
    "terraform_version": "0.11.11",
    "serial": 4,
    "lineage": "881a65df-03f6-0e45-1bba-4aef6b8dc65e",
    "modules": [
        {
            "path": [
                "root"
            ],
            "outputs": {
                "aws_bucket_url": {
                    "sensitive": false,
                    "type": "string",
                    "value": "domweldon-pyconlt-2019-dash.s3.eu-west-2.amazonaws.com"
                }
            },
            "resources": {
                "aws_s3_bucket.slides": {
                    "type": "aws_s3_bucket",
                    "depends_on": [],
                    "primary": {
                        "id": "domweldon-pyconlt-2019-dash",
                        "attributes": {
                            "acceleration_status": "",
                            "acl": "public-read",
                            "arn": "arn:aws:s3:::domweldon-pyconlt-2019-dash",
                            "bucket": "domweldon-pyconlt-2019-dash",
                            "bucket_domain_name": "domweldon-pyconlt-2019-dash.s3.amazonaws.com",
                            "bucket_regional_domain_name": "domweldon-pyconlt-2019-dash.s3.eu-west-2.amazonaws.com",
                            "cors_rule.#": "0",
                            "force_destroy": "false",
                            "hosted_zone_id": "Z3GKZC51ZF0DB4",
                            "id": "domweldon-pyconlt-2019-dash",
                            "lifecycle_rule.#": "0",
                            "logging.#": "0",
                            "object_lock_configuration.#": "0",
                            "policy": "{\"Statement\":[{\"Action\":\"s3:GetObject\",\"Effect\":\"Allow\",\"Principal\":\"*\",\"Resource\":\"arn:aws:s3:::domweldon-pyconlt-2019-dash/*\",\"Sid\":\"PublicReadGetObject\"}],\"Version\":\"2012-10-17\"}",
                            "region": "eu-west-2",
                            "replication_configuration.#": "0",
                            "request_payer": "BucketOwner",
                            "server_side_encryption_configuration.#": "0",
                            "tags.%": "0",
                            "versioning.#": "1",
                            "versioning.0.enabled": "false",
                            "versioning.0.mfa_delete": "false",
                            "website.#": "1",
                            "website.0.error_document": "",
                            "website.0.index_document": "index.html",
                            "website.0.redirect_all_requests_to": "",
                            "website.0.routing_rules": "",
                            "website_domain": "s3-website.eu-west-2.amazonaws.com",
                            "website_endpoint": "domweldon-pyconlt-2019-dash.s3-website.eu-west-2.amazonaws.com"
                        },
                        "meta": {},
                        "tainted": false
                    },
                    "deposed": [],
                    "provider": "provider.aws"
                }
            },
            "depends_on": []
        }
    ]
}
