{
    "version": 3,
    "terraform_version": "0.11.11",
    "serial": 6,
    "lineage": "881a65df-03f6-0e45-1bba-4aef6b8dc65e",
    "modules": [
        {
            "path": [
                "root"
            ],
            "outputs": {
                "aws_bucket_url": {
                    "sensitive": false,
                    "type": "string",
                    "value": "domweldon-pyconlt-2019-dash.s3.eu-west-2.amazonaws.com"
                },
                "s3_user_access_key_id": {
                    "sensitive": false,
                    "type": "string",
                    "value": "AKIA4RFL6RWQC6ZCM3JA"
                },
                "s3_user_access_key_secret": {
                    "sensitive": false,
                    "type": "string",
                    "value": "70m9wOoFkvWGwySrdBLwdtFgoHWF3LJsUKS655bk"
                }
            },
            "resources": {
                "aws_s3_bucket.slides": {
                    "type": "aws_s3_bucket",
                    "depends_on": [],
                    "primary": {
                        "id": "domweldon-pyconlt-2019-dash",
                        "attributes": {
                            "acceleration_status": "",
                            "acl": "public-read",
                            "arn": "arn:aws:s3:::domweldon-pyconlt-2019-dash",
                            "bucket": "domweldon-pyconlt-2019-dash",
                            "bucket_domain_name": "domweldon-pyconlt-2019-dash.s3.amazonaws.com",
                            "bucket_regional_domain_name": "domweldon-pyconlt-2019-dash.s3.eu-west-2.amazonaws.com",
                            "cors_rule.#": "0",
                            "force_destroy": "false",
                            "hosted_zone_id": "Z3GKZC51ZF0DB4",
                            "id": "domweldon-pyconlt-2019-dash",
                            "lifecycle_rule.#": "0",
                            "logging.#": "0",
                            "object_lock_configuration.#": "0",
                            "policy": "{\"Statement\":[{\"Action\":\"s3:GetObject\",\"Effect\":\"Allow\",\"Principal\":\"*\",\"Resource\":\"arn:aws:s3:::domweldon-pyconlt-2019-dash/*\",\"Sid\":\"PublicReadGetObject\"}],\"Version\":\"2012-10-17\"}",
                            "region": "eu-west-2",
                            "replication_configuration.#": "0",
                            "request_payer": "BucketOwner",
                            "server_side_encryption_configuration.#": "0",
                            "tags.%": "0",
                            "versioning.#": "1",
                            "versioning.0.enabled": "false",
                            "versioning.0.mfa_delete": "false",
                            "website.#": "1",
                            "website.0.error_document": "",
                            "website.0.index_document": "index.html",
                            "website.0.redirect_all_requests_to": "",
                            "website.0.routing_rules": "",
                            "website_domain": "s3-website.eu-west-2.amazonaws.com",
                            "website_endpoint": "domweldon-pyconlt-2019-dash.s3-website.eu-west-2.amazonaws.com"
                        },
                        "meta": {},
                        "tainted": false
                    },
                    "deposed": [],
                    "provider": "provider.aws"
                }
            },
            "depends_on": []
        },
        {
            "path": [
                "root",
                "s3_user"
            ],
            "outputs": {
                "iam_access_key_id": {
                    "sensitive": false,
                    "type": "string",
                    "value": "AKIA4RFL6RWQC6ZCM3JA"
                },
                "iam_access_key_secret": {
                    "sensitive": false,
                    "type": "string",
                    "value": "70m9wOoFkvWGwySrdBLwdtFgoHWF3LJsUKS655bk"
                },
                "user_arn": {
                    "sensitive": false,
                    "type": "string",
                    "value": "arn:aws:iam::861501558176:user/srv_domweldon-pyconlt-2019-dash"
                },
                "user_name": {
                    "sensitive": false,
                    "type": "string",
                    "value": "srv_domweldon-pyconlt-2019-dash"
                }
            },
            "resources": {
                "aws_iam_access_key.user_keys": {
                    "type": "aws_iam_access_key",
                    "depends_on": [
                        "aws_iam_user.user"
                    ],
                    "primary": {
                        "id": "AKIA4RFL6RWQC6ZCM3JA",
                        "attributes": {
                            "id": "AKIA4RFL6RWQC6ZCM3JA",
                            "secret": "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",
                            "ses_smtp_password": "AjfGMIF5hRpo3ssSR67TXYyBBZbPssPB2C7VmW02S8+c",
                            "status": "Active",
                            "user": "srv_domweldon-pyconlt-2019-dash"
                        },
                        "meta": {},
                        "tainted": false
                    },
                    "deposed": [],
                    "provider": "provider.aws"
                },
                "aws_iam_user.user": {
                    "type": "aws_iam_user",
                    "depends_on": [],
                    "primary": {
                        "id": "srv_domweldon-pyconlt-2019-dash",
                        "attributes": {
                            "arn": "arn:aws:iam::861501558176:user/srv_domweldon-pyconlt-2019-dash",
                            "force_destroy": "false",
                            "id": "srv_domweldon-pyconlt-2019-dash",
                            "name": "srv_domweldon-pyconlt-2019-dash",
                            "path": "/",
                            "tags.%": "0",
                            "unique_id": "AIDA4RFL6RWQMB5GOYHDO"
                        },
                        "meta": {},
                        "tainted": false
                    },
                    "deposed": [],
                    "provider": "provider.aws"
                }
            },
            "depends_on": []
        }
    ]
}
