{
  "version": 4,
  "terraform_version": "0.12.3",
  "serial": 10,
  "lineage": "881a65df-03f6-0e45-1bba-4aef6b8dc65e",
  "outputs": {
    "aws_bucket_url": {
      "value": "domweldon-pyconlt-2019-dash.s3.eu-west-2.amazonaws.com",
      "type": "string"
    }
  },
  "resources": [
    {
      "mode": "managed",
      "type": "aws_s3_bucket",
      "name": "slides",
      "provider": "provider.aws",
      "instances": [
        {
          "schema_version": 0,
          "attributes": {
            "acceleration_status": "",
            "acl": "public-read",
            "arn": "arn:aws:s3:::domweldon-pyconlt-2019-dash",
            "bucket": "domweldon-pyconlt-2019-dash",
            "bucket_domain_name": "domweldon-pyconlt-2019-dash.s3.amazonaws.com",
            "bucket_prefix": null,
            "bucket_regional_domain_name": "domweldon-pyconlt-2019-dash.s3.eu-west-2.amazonaws.com",
            "cors_rule": [],
            "force_destroy": false,
            "hosted_zone_id": "Z3GKZC51ZF0DB4",
            "id": "domweldon-pyconlt-2019-dash",
            "lifecycle_rule": [],
            "logging": [],
            "object_lock_configuration": [],
            "policy": "{\"Statement\":[{\"Action\":\"s3:GetObject\",\"Effect\":\"Allow\",\"Principal\":\"*\",\"Resource\":\"arn:aws:s3:::domweldon-pyconlt-2019-dash/*\",\"Sid\":\"PublicReadGetObject\"}],\"Version\":\"2012-10-17\"}",
            "region": "eu-west-2",
            "replication_configuration": [],
            "request_payer": "BucketOwner",
            "server_side_encryption_configuration": [],
            "tags": {},
            "versioning": [
              {
                "enabled": false,
                "mfa_delete": false
              }
            ],
            "website": [
              {
                "error_document": "",
                "index_document": "index.html",
                "redirect_all_requests_to": "",
                "routing_rules": ""
              }
            ],
            "website_domain": "s3-website.eu-west-2.amazonaws.com",
            "website_endpoint": "domweldon-pyconlt-2019-dash.s3-website.eu-west-2.amazonaws.com"
          }
        }
      ]
    }
  ]
}
